{
  "requires": true,
  "lockfileVersion": 1,
  "dependencies": {
    "jquery-csv": {
      "version": "1.0.8",
      "resolved": "https://registry.npmjs.org/jquery-csv/-/jquery-csv-1.0.8.tgz",
      "integrity": "sha512-klqQ4OPfXe8BqfO1BzUFv+dldI8EoroNV3/J/gYoWskB3nOp0SgexgWEObU0Xp8PfKlVXKDaRHjKxZX6hHPojw=="
    }
  }
}
